
Microsoft Visual Studio Solution File, Format Version 12.00
# Visual Studio 15
VisualStudioVersion = 15.0.28010.2046
MinimumVisualStudioVersion = 10.0.40219.1
Project("{FAE04EC0-301F-11D3-BF4B-00C04F79EFBC}") = "WebApplication2", "WebApplication2\WebApplication2.csproj", "{C8E6923E-C679-4207-BB30-25F3C499C67C}"
EndProject
Global
	GlobalSection(SolutionConfigurationPlatforms) = preSolution
		Debug|Any CPU = Debug|Any CPU
		Release|Any CPU = Release|Any CPU
	EndGlobalSection
	GlobalSection(ProjectConfigurationPlatforms) = postSolution
		{C8E6923E-C679-4207-BB30-25F3C499C67C}.Debug|Any CPU.ActiveCfg = Debug|Any CPU
		{C8E6923E-C679-4207-BB30-25F3C499C67C}.Debug|Any CPU.Build.0 = Debug|Any CPU
		{C8E6923E-C679-4207-BB30-25F3C499C67C}.Release|Any CPU.ActiveCfg = Release|Any CPU
		{C8E6923E-C679-4207-BB30-25F3C499C67C}.Release|Any CPU.Build.0 = Release|Any CPU
	EndGlobalSection
	GlobalSection(SolutionProperties) = preSolution
		HideSolutionNode = FALSE
	EndGlobalSection
	GlobalSection(ExtensibilityGlobals) = postSolution
		SolutionGuid = {52C82E08-FAA7-478B-8453-68634DDE618E}
	EndGlobalSection
EndGlobal
